
Microsoft Visual Studio Solution File, Format Version 12.00
# Visual Studio 15
VisualStudioVersion = 15.0.27004.2002
MinimumVisualStudioVersion = 10.0.40219.1
Project("{FAE04EC0-301F-11D3-BF4B-00C04F79EFBC}") = "CompoundInterestTests", "CompoundInterestTests\CompoundInterestTests.csproj", "{38781E39-26E6-4F5E-B8A5-0E97A4FEAF38}"
EndProject
Project("{FAE04EC0-301F-11D3-BF4B-00C04F79EFBC}") = "CompoundInterestLib", "CompoundInterestLib\CompoundInterestLib.csproj", "{D8A0C4A2-E838-4A78-8C4B-9A78B55736F7}"
EndProject
Global
	GlobalSection(SolutionConfigurationPlatforms) = preSolution
		Debug|Any CPU = Debug|Any CPU
		Release|Any CPU = Release|Any CPU
	EndGlobalSection
	GlobalSection(ProjectConfigurationPlatforms) = postSolution
		{38781E39-26E6-4F5E-B8A5-0E97A4FEAF38}.Debug|Any CPU.ActiveCfg = Debug|Any CPU
		{38781E39-26E6-4F5E-B8A5-0E97A4FEAF38}.Debug|Any CPU.Build.0 = Debug|Any CPU
		{38781E39-26E6-4F5E-B8A5-0E97A4FEAF38}.Release|Any CPU.ActiveCfg = Release|Any CPU
		{38781E39-26E6-4F5E-B8A5-0E97A4FEAF38}.Release|Any CPU.Build.0 = Release|Any CPU
		{D8A0C4A2-E838-4A78-8C4B-9A78B55736F7}.Debug|Any CPU.ActiveCfg = Debug|Any CPU
		{D8A0C4A2-E838-4A78-8C4B-9A78B55736F7}.Debug|Any CPU.Build.0 = Debug|Any CPU
		{D8A0C4A2-E838-4A78-8C4B-9A78B55736F7}.Release|Any CPU.ActiveCfg = Release|Any CPU
		{D8A0C4A2-E838-4A78-8C4B-9A78B55736F7}.Release|Any CPU.Build.0 = Release|Any CPU
	EndGlobalSection
	GlobalSection(SolutionProperties) = preSolution
		HideSolutionNode = FALSE
	EndGlobalSection
	GlobalSection(ExtensibilityGlobals) = postSolution
		SolutionGuid = {9E9E85E0-B158-410F-9FB0-D63EBCE8F7DF}
	EndGlobalSection
EndGlobal
